// !$*UTF8*$!
{
	archiveVersion = 1;
	classes = {
	};
	objectVersion = 50;
	objects = {

/* Begin PBXBuildFile section */
		1C019F4B23CAF4E8000A3C0F /* AppDelegate.swift in Sources */ = {isa = PBXBuildFile; fileRef = 1C019F4A23CAF4E8000A3C0F /* AppDelegate.swift */; };
		1C019F4D23CAF4E8000A3C0F /* SceneDelegate.swift in Sources */ = {isa = PBXBuildFile; fileRef = 1C019F4C23CAF4E8000A3C0F /* SceneDelegate.swift */; };
		1C019F4F23CAF4E8000A3C0F /* TampilanHomeViewController.swift in Sources */ = {isa = PBXBuildFile; fileRef = 1C019F4E23CAF4E8000A3C0F /* TampilanHomeViewController.swift */; };
		1C019F5223CAF4E8000A3C0F /* Main.storyboard in Resources */ = {isa = PBXBuildFile; fileRef = 1C019F5023CAF4E8000A3C0F /* Main.storyboard */; };
		1C019F5423CAF4EC000A3C0F /* Assets.xcassets in Resources */ = {isa = PBXBuildFile; fileRef = 1C019F5323CAF4EC000A3C0F /* Assets.xcassets */; };
		1C019F5723CAF4EC000A3C0F /* LaunchScreen.storyboard in Resources */ = {isa = PBXBuildFile; fileRef = 1C019F5523CAF4EC000A3C0F /* LaunchScreen.storyboard */; };
		1C019F5F23CAFD58000A3C0F /* ParkirKeluarViewController.swift in Sources */ = {isa = PBXBuildFile; fileRef = 1C019F5E23CAFD58000A3C0F /* ParkirKeluarViewController.swift */; };
		1C019F6123CAFD6E000A3C0F /* ParkirMasukViewController.swift in Sources */ = {isa = PBXBuildFile; fileRef = 1C019F6023CAFD6E000A3C0F /* ParkirMasukViewController.swift */; };
		1C019F6523CB25C3000A3C0F /* Kendaraan.swift in Sources */ = {isa = PBXBuildFile; fileRef = 1C019F6423CB25C3000A3C0F /* Kendaraan.swift */; };
		1C6CBBDE23CB30580071D8F6 /* InputParkirViewController.swift in Sources */ = {isa = PBXBuildFile; fileRef = 1C6CBBDD23CB30580071D8F6 /* InputParkirViewController.swift */; };
		1C8F84DE23CB45B000FD8FAD /* KondisiParkirTableViewCell.swift in Sources */ = {isa = PBXBuildFile; fileRef = 1C8F84DC23CB45B000FD8FAD /* KondisiParkirTableViewCell.swift */; };
		1C8F84DF23CB45B000FD8FAD /* KondisiParkirTableViewCell.xib in Resources */ = {isa = PBXBuildFile; fileRef = 1C8F84DD23CB45B000FD8FAD /* KondisiParkirTableViewCell.xib */; };
/* End PBXBuildFile section */

/* Begin PBXFileReference section */
		1C019F4723CAF4E8000A3C0F /* ParkirPrasmul.app */ = {isa = PBXFileReference; explicitFileType = wrapper.application; includeInIndex = 0; path = ParkirPrasmul.app; sourceTree = BUILT_PRODUCTS_DIR; };
		1C019F4A23CAF4E8000A3C0F /* AppDelegate.swift */ = {isa = PBXFileReference; lastKnownFileType = sourcecode.swift; path = AppDelegate.swift; sourceTree = "<group>"; };
		1C019F4C23CAF4E8000A3C0F /* SceneDelegate.swift */ = {isa = PBXFileReference; lastKnownFileType = sourcecode.swift; path = SceneDelegate.swift; sourceTree = "<group>"; };
		1C019F4E23CAF4E8000A3C0F /* TampilanHomeViewController.swift */ = {isa = PBXFileReference; lastKnownFileType = sourcecode.swift; path = TampilanHomeViewController.swift; sourceTree = "<group>"; };
		1C019F5123CAF4E8000A3C0F /* Base */ = {isa = PBXFileReference; lastKnownFileType = file.storyboard; name = Base; path = Base.lproj/Main.storyboard; sourceTree = "<group>"; };
		1C019F5323CAF4EC000A3C0F /* Assets.xcassets */ = {isa = PBXFileReference; lastKnownFileType = folder.assetcatalog; path = Assets.xcassets; sourceTree = "<group>"; };
		1C019F5623CAF4EC000A3C0F /* Base */ = {isa = PBXFileReference; lastKnownFileType = file.storyboard; name = Base; path = Base.lproj/LaunchScreen.storyboard; sourceTree = "<group>"; };
		1C019F5823CAF4EC000A3C0F /* Info.plist */ = {isa = PBXFileReference; lastKnownFileType = text.plist.xml; path = Info.plist; sourceTree = "<group>"; };
		1C019F5E23CAFD58000A3C0F /* ParkirKeluarViewController.swift */ = {isa = PBXFileReference; lastKnownFileType = sourcecode.swift; path = ParkirKeluarViewController.swift; sourceTree = "<group>"; };
		1C019F6023CAFD6E000A3C0F /* ParkirMasukViewController.swift */ = {isa = PBXFileReference; lastKnownFileType = sourcecode.swift; path = ParkirMasukViewController.swift; sourceTree = "<group>"; };
		1C019F6423CB25C3000A3C0F /* Kendaraan.swift */ = {isa = PBXFileReference; lastKnownFileType = sourcecode.swift; path = Kendaraan.swift; sourceTree = "<group>"; };
		1C6CBBDD23CB30580071D8F6 /* InputParkirViewController.swift */ = {isa = PBXFileReference; lastKnownFileType = sourcecode.swift; path = InputParkirViewController.swift; sourceTree = "<group>"; };
		1C8F84DC23CB45B000FD8FAD /* KondisiParkirTableViewCell.swift */ = {isa = PBXFileReference; lastKnownFileType = sourcecode.swift; path = KondisiParkirTableViewCell.swift; sourceTree = "<group>"; };
		1C8F84DD23CB45B000FD8FAD /* KondisiParkirTableViewCell.xib */ = {isa = PBXFileReference; lastKnownFileType = file.xib; path = KondisiParkirTableViewCell.xib; sourceTree = "<group>"; };
/* End PBXFileReference section */

/* Begin PBXFrameworksBuildPhase section */
		1C019F4423CAF4E8000A3C0F /* Frameworks */ = {
			isa = PBXFrameworksBuildPhase;
			buildActionMask = 2147483647;
			files = (
			);
			runOnlyForDeploymentPostprocessing = 0;
		};
/* End PBXFrameworksBuildPhase section */

/* Begin PBXGroup section */
		1C019F3E23CAF4E8000A3C0F = {
			isa = PBXGroup;
			children = (
				1C019F4923CAF4E8000A3C0F /* ParkirPrasmul */,
				1C019F4823CAF4E8000A3C0F /* Products */,
			);
			sourceTree = "<group>";
		};
		1C019F4823CAF4E8000A3C0F /* Products */ = {
			isa = PBXGroup;
			children = (
				1C019F4723CAF4E8000A3C0F /* ParkirPrasmul.app */,
			);
			name = Products;
			sourceTree = "<group>";
		};
		1C019F4923CAF4E8000A3C0F /* ParkirPrasmul */ = {
			isa = PBXGroup;
			children = (
				1C019F4A23CAF4E8000A3C0F /* AppDelegate.swift */,
				1C019F4C23CAF4E8000A3C0F /* SceneDelegate.swift */,
				1C019F6623CB25CC000A3C0F /* Model */,
				1C019F6823CB25F6000A3C0F /* View */,
				1C019F6723CB25E0000A3C0F /* Controller */,
				1C019F5323CAF4EC000A3C0F /* Assets.xcassets */,
				1C019F5523CAF4EC000A3C0F /* LaunchScreen.storyboard */,
				1C019F5823CAF4EC000A3C0F /* Info.plist */,
			);
			path = ParkirPrasmul;
			sourceTree = "<group>";
		};
		1C019F6623CB25CC000A3C0F /* Model */ = {
			isa = PBXGroup;
			children = (
				1C019F6423CB25C3000A3C0F /* Kendaraan.swift */,
			);
			name = Model;
			sourceTree = "<group>";
		};
		1C019F6723CB25E0000A3C0F /* Controller */ = {
			isa = PBXGroup;
			children = (
				1C6CBBD723CB2EBD0071D8F6 /* Home */,
				1C6CBBD823CB2EC80071D8F6 /* KondisiParkir */,
				1C6CBBD923CB2EDA0071D8F6 /* ParkirMasuk */,
			);
			path = Controller;
			sourceTree = "<group>";
		};
		1C019F6823CB25F6000A3C0F /* View */ = {
			isa = PBXGroup;
			children = (
				1C019F5023CAF4E8000A3C0F /* Main.storyboard */,
				1C8F84E023CBC89F00FD8FAD /* KondisiParkirTableViewCell */,
			);
			name = View;
			path = Controller;
			sourceTree = "<group>";
		};
		1C6CBBD723CB2EBD0071D8F6 /* Home */ = {
			isa = PBXGroup;
			children = (
				1C019F4E23CAF4E8000A3C0F /* TampilanHomeViewController.swift */,
			);
			name = Home;
			sourceTree = "<group>";
		};
		1C6CBBD823CB2EC80071D8F6 /* KondisiParkir */ = {
			isa = PBXGroup;
			children = (
				1C019F5E23CAFD58000A3C0F /* ParkirKeluarViewController.swift */,
			);
			path = KondisiParkir;
			sourceTree = "<group>";
		};
		1C6CBBD923CB2EDA0071D8F6 /* ParkirMasuk */ = {
			isa = PBXGroup;
			children = (
				1C019F6023CAFD6E000A3C0F /* ParkirMasukViewController.swift */,
				1C6CBBDD23CB30580071D8F6 /* InputParkirViewController.swift */,
			);
			name = ParkirMasuk;
			sourceTree = "<group>";
		};
		1C8F84E023CBC89F00FD8FAD /* KondisiParkirTableViewCell */ = {
			isa = PBXGroup;
			children = (
				1C8F84DC23CB45B000FD8FAD /* KondisiParkirTableViewCell.swift */,
				1C8F84DD23CB45B000FD8FAD /* KondisiParkirTableViewCell.xib */,
			);
			path = KondisiParkirTableViewCell;
			sourceTree = "<group>";
		};
/* End PBXGroup section */

/* Begin PBXNativeTarget section */
		1C019F4623CAF4E8000A3C0F /* ParkirPrasmul */ = {
			isa = PBXNativeTarget;
			buildConfigurationList = 1C019F5B23CAF4EC000A3C0F /* Build configuration list for PBXNativeTarget "ParkirPrasmul" */;
			buildPhases = (
				1C019F4323CAF4E8000A3C0F /* Sources */,
				1C019F4423CAF4E8000A3C0F /* Frameworks */,
				1C019F4523CAF4E8000A3C0F /* Resources */,
			);
			buildRules = (
			);
			dependencies = (
			);
			name = ParkirPrasmul;
			productName = ParkirPrasmul;
			productReference = 1C019F4723CAF4E8000A3C0F /* ParkirPrasmul.app */;
			productType = "com.apple.product-type.application";
		};
/* End PBXNativeTarget section */

/* Begin PBXProject section */
		1C019F3F23CAF4E8000A3C0F /* Project object */ = {
			isa = PBXProject;
			attributes = {
				LastSwiftUpdateCheck = 1130;
				LastUpgradeCheck = 1130;
				ORGANIZATIONNAME = Aditya;
				TargetAttributes = {
					1C019F4623CAF4E8000A3C0F = {
						CreatedOnToolsVersion = 11.3;
					};
				};
			};
			buildConfigurationList = 1C019F4223CAF4E8000A3C0F /* Build configuration list for PBXProject "ParkirPrasmul" */;
			compatibilityVersion = "Xcode 9.3";
			developmentRegion = en;
			hasScannedForEncodings = 0;
			knownRegions = (
				en,
				Base,
			);
			mainGroup = 1C019F3E23CAF4E8000A3C0F;
			productRefGroup = 1C019F4823CAF4E8000A3C0F /* Products */;
			projectDirPath = "";
			projectRoot = "";
			targets = (
				1C019F4623CAF4E8000A3C0F /* ParkirPrasmul */,
			);
		};
/* End PBXProject section */

/* Begin PBXResourcesBuildPhase section */
		1C019F4523CAF4E8000A3C0F /* Resources */ = {
			isa = PBXResourcesBuildPhase;
			buildActionMask = 2147483647;
			files = (
				1C8F84DF23CB45B000FD8FAD /* KondisiParkirTableViewCell.xib in Resources */,
				1C019F5723CAF4EC000A3C0F /* LaunchScreen.storyboard in Resources */,
				1C019F5423CAF4EC000A3C0F /* Assets.xcassets in Resources */,
				1C019F5223CAF4E8000A3C0F /* Main.storyboard in Resources */,
			);
			runOnlyForDeploymentPostprocessing = 0;
		};
/* End PBXResourcesBuildPhase section */

/* Begin PBXSourcesBuildPhase section */
		1C019F4323CAF4E8000A3C0F /* Sources */ = {
			isa = PBXSourcesBuildPhase;
			buildActionMask = 2147483647;
			files = (
				1C8F84DE23CB45B000FD8FAD /* KondisiParkirTableViewCell.swift in Sources */,
				1C019F6123CAFD6E000A3C0F /* ParkirMasukViewController.swift in Sources */,
				1C019F4F23CAF4E8000A3C0F /* TampilanHomeViewController.swift in Sources */,
				1C6CBBDE23CB30580071D8F6 /* InputParkirViewController.swift in Sources */,
				1C019F4B23CAF4E8000A3C0F /* AppDelegate.swift in Sources */,
				1C019F6523CB25C3000A3C0F /* Kendaraan.swift in Sources */,
				1C019F4D23CAF4E8000A3C0F /* SceneDelegate.swift in Sources */,
				1C019F5F23CAFD58000A3C0F /* ParkirKeluarViewController.swift in Sources */,
			);
			runOnlyForDeploymentPostprocessing = 0;
		};
/* End PBXSourcesBuildPhase section */

/* Begin PBXVariantGroup section */
		1C019F5023CAF4E8000A3C0F /* Main.storyboard */ = {
			isa = PBXVariantGroup;
			children = (
				1C019F5123CAF4E8000A3C0F /* Base */,
			);
			name = Main.storyboard;
			sourceTree = "<group>";
		};
		1C019F5523CAF4EC000A3C0F /* LaunchScreen.storyboard */ = {
			isa = PBXVariantGroup;
			children = (
				1C019F5623CAF4EC000A3C0F /* Base */,
			);
			name = LaunchScreen.storyboard;
			sourceTree = "<group>";
		};
/* End PBXVariantGroup section */

/* Begin XCBuildConfiguration section */
		1C019F5923CAF4EC000A3C0F /* Debug */ = {
			isa = XCBuildConfiguration;
			buildSettings = {
				ALWAYS_SEARCH_USER_PATHS = NO;
				CLANG_ANALYZER_NONNULL = YES;
				CLANG_ANALYZER_NUMBER_OBJECT_CONVERSION = YES_AGGRESSIVE;
				CLANG_CXX_LANGUAGE_STANDARD = "gnu++14";
				CLANG_CXX_LIBRARY = "libc++";
				CLANG_ENABLE_MODULES = YES;
				CLANG_ENABLE_OBJC_ARC = YES;
				CLANG_ENABLE_OBJC_WEAK = YES;
				CLANG_WARN_BLOCK_CAPTURE_AUTORELEASING = YES;
				CLANG_WARN_BOOL_CONVERSION = YES;
				CLANG_WARN_COMMA = YES;
				CLANG_WARN_CONSTANT_CONVERSION = YES;
				CLANG_WARN_DEPRECATED_OBJC_IMPLEMENTATIONS = YES;
				CLANG_WARN_DIRECT_OBJC_ISA_USAGE = YES_ERROR;
				CLANG_WARN_DOCUMENTATION_COMMENTS = YES;
				CLANG_WARN_EMPTY_BODY = YES;
				CLANG_WARN_ENUM_CONVERSION = YES;
				CLANG_WARN_INFINITE_RECURSION = YES;
				CLANG_WARN_INT_CONVERSION = YES;
				CLANG_WARN_NON_LITERAL_NULL_CONVERSION = YES;
				CLANG_WARN_OBJC_IMPLICIT_RETAIN_SELF = YES;
				CLANG_WARN_OBJC_LITERAL_CONVERSION = YES;
				CLANG_WARN_OBJC_ROOT_CLASS = YES_ERROR;
				CLANG_WARN_RANGE_LOOP_ANALYSIS = YES;
				CLANG_WARN_STRICT_PROTOTYPES = YES;
				CLANG_WARN_SUSPICIOUS_MOVE = YES;
				CLANG_WARN_UNGUARDED_AVAILABILITY = YES_AGGRESSIVE;
				CLANG_WARN_UNREACHABLE_CODE = YES;
				CLANG_WARN__DUPLICATE_METHOD_MATCH = YES;
				COPY_PHASE_STRIP = NO;
				DEBUG_INFORMATION_FORMAT = dwarf;
				ENABLE_STRICT_OBJC_MSGSEND = YES;
				ENABLE_TESTABILITY = YES;
				GCC_C_LANGUAGE_STANDARD = gnu11;
				GCC_DYNAMIC_NO_PIC = NO;
				GCC_NO_COMMON_BLOCKS = YES;
				GCC_OPTIMIZATION_LEVEL = 0;
				GCC_PREPROCESSOR_DEFINITIONS = (
					"DEBUG=1",
					"$(inherited)",
				);
				GCC_WARN_64_TO_32_BIT_CONVERSION = YES;
				GCC_WARN_ABOUT_RETURN_TYPE = YES_ERROR;
				GCC_WARN_UNDECLARED_SELECTOR = YES;
				GCC_WARN_UNINITIALIZED_AUTOS = YES_AGGRESSIVE;
				GCC_WARN_UNUSED_FUNCTION = YES;
				GCC_WARN_UNUSED_VARIABLE = YES;
				IPHONEOS_DEPLOYMENT_TARGET = 13.2;
				MTL_ENABLE_DEBUG_INFO = INCLUDE_SOURCE;
				MTL_FAST_MATH = YES;
				ONLY_ACTIVE_ARCH = YES;
				SDKROOT = iphoneos;
				SWIFT_ACTIVE_COMPILATION_CONDITIONS = DEBUG;
				SWIFT_OPTIMIZATION_LEVEL = "-Onone";
			};
			name = Debug;
		};
		1C019F5A23CAF4EC000A3C0F /* Release */ = {
			isa = XCBuildConfiguration;
			buildSettings = {
				ALWAYS_SEARCH_USER_PATHS = NO;
				CLANG_ANALYZER_NONNULL = YES;
				CLANG_ANALYZER_NUMBER_OBJECT_CONVERSION = YES_AGGRESSIVE;
				CLANG_CXX_LANGUAGE_STANDARD = "gnu++14";
				CLANG_CXX_LIBRARY = "libc++";
				CLANG_ENABLE_MODULES = YES;
				CLANG_ENABLE_OBJC_ARC = YES;
				CLANG_ENABLE_OBJC_WEAK = YES;
				CLANG_WARN_BLOCK_CAPTURE_AUTORELEASING = YES;
				CLANG_WARN_BOOL_CONVERSION = YES;
				CLANG_WARN_COMMA = YES;
				CLANG_WARN_CONSTANT_CONVERSION = YES;
				CLANG_WARN_DEPRECATED_OBJC_IMPLEMENTATIONS = YES;
				CLANG_WARN_DIRECT_OBJC_ISA_USAGE = YES_ERROR;
				CLANG_WARN_DOCUMENTATION_COMMENTS = YES;
				CLANG_WARN_EMPTY_BODY = YES;
				CLANG_WARN_ENUM_CONVERSION = YES;
				CLANG_WARN_INFINITE_RECURSION = YES;
				CLANG_WARN_INT_CONVERSION = YES;
				CLANG_WARN_NON_LITERAL_NULL_CONVERSION = YES;
				CLANG_WARN_OBJC_IMPLICIT_RETAIN_SELF = YES;
				CLANG_WARN_OBJC_LITERAL_CONVERSION = YES;
				CLANG_WARN_OBJC_ROOT_CLASS = YES_ERROR;
				CLANG_WARN_RANGE_LOOP_ANALYSIS = YES;
				CLANG_WARN_STRICT_PROTOTYPES = YES;
				CLANG_WARN_SUSPICIOUS_MOVE = YES;
				CLANG_WARN_UNGUARDED_AVAILABILITY = YES_AGGRESSIVE;
				CLANG_WARN_UNREACHABLE_CODE = YES;
				CLANG_WARN__DUPLICATE_METHOD_MATCH = YES;
				COPY_PHASE_STRIP = NO;
				DEBUG_INFORMATION_FORMAT = "dwarf-with-dsym";
				ENABLE_NS_ASSERTIONS = NO;
				ENABLE_STRICT_OBJC_MSGSEND = YES;
				GCC_C_LANGUAGE_STANDARD = gnu11;
				GCC_NO_COMMON_BLOCKS = YES;
				GCC_WARN_64_TO_32_BIT_CONVERSION = YES;
				GCC_WARN_ABOUT_RETURN_TYPE = YES_ERROR;
				GCC_WARN_UNDECLARED_SELECTOR = YES;
				GCC_WARN_UNINITIALIZED_AUTOS = YES_AGGRESSIVE;
				GCC_WARN_UNUSED_FUNCTION = YES;
				GCC_WARN_UNUSED_VARIABLE = YES;
				IPHONEOS_DEPLOYMENT_TARGET = 13.2;
				MTL_ENABLE_DEBUG_INFO = NO;
				MTL_FAST_MATH = YES;
				SDKROOT = iphoneos;
				SWIFT_COMPILATION_MODE = wholemodule;
				SWIFT_OPTIMIZATION_LEVEL = "-O";
				VALIDATE_PRODUCT = YES;
			};
			name = Release;
		};
		1C019F5C23CAF4EC000A3C0F /* Debug */ = {
			isa = XCBuildConfiguration;
			buildSettings = {
				ASSETCATALOG_COMPILER_APPICON_NAME = AppIcon;
				CODE_SIGN_STYLE = Automatic;
				DEVELOPMENT_TEAM = 457ZW8268A;
				INFOPLIST_FILE = ParkirPrasmul/Info.plist;
				LD_RUNPATH_SEARCH_PATHS = (
					"$(inherited)",
					"@executable_path/Frameworks",
				);
				PRODUCT_BUNDLE_IDENTIFIER = "Apple-Developer-Academy.ParkirPrasmul";
				PRODUCT_NAME = "$(TARGET_NAME)";
				SWIFT_VERSION = 5.0;
				TARGETED_DEVICE_FAMILY = "1,2";
			};
			name = Debug;
		};
		1C019F5D23CAF4EC000A3C0F /* Release */ = {
			isa = XCBuildConfiguration;
			buildSettings = {
				ASSETCATALOG_COMPILER_APPICON_NAME = AppIcon;
				CODE_SIGN_STYLE = Automatic;
				DEVELOPMENT_TEAM = 457ZW8268A;
				INFOPLIST_FILE = ParkirPrasmul/Info.plist;
				LD_RUNPATH_SEARCH_PATHS = (
					"$(inherited)",
					"@executable_path/Frameworks",
				);
				PRODUCT_BUNDLE_IDENTIFIER = "Apple-Developer-Academy.ParkirPrasmul";
				PRODUCT_NAME = "$(TARGET_NAME)";
				SWIFT_VERSION = 5.0;
				TARGETED_DEVICE_FAMILY = "1,2";
			};
			name = Release;
		};
/* End XCBuildConfiguration section */

/* Begin XCConfigurationList section */
		1C019F4223CAF4E8000A3C0F /* Build configuration list for PBXProject "ParkirPrasmul" */ = {
			isa = XCConfigurationList;
			buildConfigurations = (
				1C019F5923CAF4EC000A3C0F /* Debug */,
				1C019F5A23CAF4EC000A3C0F /* Release */,
			);
			defaultConfigurationIsVisible = 0;
			defaultConfigurationName = Release;
		};
		1C019F5B23CAF4EC000A3C0F /* Build configuration list for PBXNativeTarget "ParkirPrasmul" */ = {
			isa = XCConfigurationList;
			buildConfigurations = (
				1C019F5C23CAF4EC000A3C0F /* Debug */,
				1C019F5D23CAF4EC000A3C0F /* Release */,
			);
			defaultConfigurationIsVisible = 0;
			defaultConfigurationName = Release;
		};
/* End XCConfigurationList section */
	};
	rootObject = 1C019F3F23CAF4E8000A3C0F /* Project object */;
}
